{
  "pins" : [
    {
      "identity" : "pluginengine",
      "kind" : "remoteSourceControl",
      "location" : "https://github.com/swift-setup/PluginEngine",
      "state" : {
        "revision" : "f5d93054619f00325ed97fb7aa358a5146d83ef3",
        "version" : "1.4.1"
      }
    },
    {
      "identity" : "plugininterface",
      "kind" : "remoteSourceControl",
      "location" : "https://github.com/swift-setup/PluginInterface",
      "state" : {
        "revision" : "fa2003cd5f4203edf7736b47e8e847577c2fb219",
        "version" : "1.3.6"
      }
    },
    {
      "identity" : "realm-core",
      "kind" : "remoteSourceControl",
      "location" : "https://github.com/realm/realm-core.git",
      "state" : {
        "revision" : "b77443ca7fa25407869ca537bf3ae912b1427bff",
        "version" : "12.13.0"
      }
    },
    {
      "identity" : "realm-swift",
      "kind" : "remoteSourceControl",
      "location" : "https://github.com/realm/realm-swift.git",
      "state" : {
        "branch" : "master",
        "revision" : "f5aaf456ea725ac2f352b0b3decc78a7094adbd8"
      }
    },
    {
      "identity" : "swift-markdown-ui",
      "kind" : "remoteSourceControl",
      "location" : "https://github.com/gonzalezreal/swift-markdown-ui",
      "state" : {
        "revision" : "b89d6e4b60f86d3a8163cc97bf48d4c959015370",
        "version" : "2.0.0"
      }
    },
    {
      "identity" : "swiftuikit",
      "kind" : "remoteSourceControl",
      "location" : "https://github.com/danielsaidi/SwiftUIKit",
      "state" : {
        "branch" : "master",
        "revision" : "0f1b501db8af33a16ff161e8595b7f900785a988"
      }
    },
    {
      "identity" : "ziparchive",
      "kind" : "remoteSourceControl",
      "location" : "https://github.com/ZipArchive/ZipArchive",
      "state" : {
        "revision" : "3016df0730fb7daa85d73e29ec9d02851db831ae",
        "version" : "2.5.3"
      }
    }
  ],
  "version" : 2
}
