{
  "pins" : [
    {
      "identity" : "pluginengine",
      "kind" : "remoteSourceControl",
      "location" : "https://github.com/swift-setup/PluginEngine",
      "state" : {
        "revision" : "d7fc0ee02fc2b95caa191004f83533d052f38bcd",
        "version" : "1.4.4"
      }
    },
    {
      "identity" : "plugininterface",
      "kind" : "remoteSourceControl",
      "location" : "https://github.com/swift-setup/PluginInterface",
      "state" : {
        "revision" : "2c86be21bdc4cb50548183685a7bf613d868514f",
        "version" : "1.3.8"
      }
    },
    {
      "identity" : "realm-core",
      "kind" : "remoteSourceControl",
      "location" : "https://github.com/realm/realm-core.git",
      "state" : {
        "revision" : "dd91f5f967c4ae89c37e24ab2a0315c31106648f",
        "version" : "13.6.0"
      }
    },
    {
      "identity" : "realm-swift",
      "kind" : "remoteSourceControl",
      "location" : "https://github.com/realm/realm-swift.git",
      "state" : {
        "branch" : "master",
        "revision" : "7f1707b5d681f7cad6fe2ffb7a4ba120801e57d0"
      }
    },
    {
      "identity" : "swift-markdown-ui",
      "kind" : "remoteSourceControl",
      "location" : "https://github.com/gonzalezreal/swift-markdown-ui",
      "state" : {
        "revision" : "5e15c0d75e42b9840301503e0df681027d4bea05",
        "version" : "2.0.1"
      }
    },
    {
      "identity" : "swiftuikit",
      "kind" : "remoteSourceControl",
      "location" : "https://github.com/danielsaidi/SwiftUIKit",
      "state" : {
        "branch" : "master",
        "revision" : "f6f326541d88d3f347705e6f5990e09092214b33"
      }
    },
    {
      "identity" : "ziparchive",
      "kind" : "remoteSourceControl",
      "location" : "https://github.com/ZipArchive/ZipArchive",
      "state" : {
        "revision" : "b56f8c605a233fb25fe8d49f1b9ed50912c2d1b7",
        "version" : "2.5.4"
      }
    }
  ],
  "version" : 2
}
