// !$*UTF8*$!
{
	archiveVersion = 1;
	classes = {
	};
	objectVersion = 56;
	objects = {

/* Begin PBXBuildFile section */
		CD7BA131297EB1B00010F2CD /* PluginStore.swift in Sources */ = {isa = PBXBuildFile; fileRef = CD7BA130297EB1B00010F2CD /* PluginStore.swift */; };
		CD7BA133297EB4F60010F2CD /* UIViewModel.swift in Sources */ = {isa = PBXBuildFile; fileRef = CD7BA132297EB4F60010F2CD /* UIViewModel.swift */; };
		CD7BA136297EB6D80010F2CD /* PopoverView.swift in Sources */ = {isa = PBXBuildFile; fileRef = CD7BA135297EB6D80010F2CD /* PopoverView.swift */; };
		CD7BA138297EB9CD0010F2CD /* PopoverProgressView.swift in Sources */ = {isa = PBXBuildFile; fileRef = CD7BA137297EB9CD0010F2CD /* PopoverProgressView.swift */; };
		CD7BA13B297EDEDD0010F2CD /* DetailPage.swift in Sources */ = {isa = PBXBuildFile; fileRef = CD7BA13A297EDEDD0010F2CD /* DetailPage.swift */; };
		CD7BA13D297EDF860010F2CD /* PluginDetailView.swift in Sources */ = {isa = PBXBuildFile; fileRef = CD7BA13C297EDF860010F2CD /* PluginDetailView.swift */; };
		CD7BA140297EE12E0010F2CD /* MarkdownUI in Frameworks */ = {isa = PBXBuildFile; productRef = CD7BA13F297EE12E0010F2CD /* MarkdownUI */; };
		CD7BA142297EE7230010F2CD /* RemotePluginView.swift in Sources */ = {isa = PBXBuildFile; fileRef = CD7BA141297EE7230010F2CD /* RemotePluginView.swift */; };
		CDBA157F297E5BD1007A782C /* PluginMenu.swift in Sources */ = {isa = PBXBuildFile; fileRef = CDBA157E297E5BD1007A782C /* PluginMenu.swift */; };
		CDC60AD929818772008E60ED /* VersionPicker.swift in Sources */ = {isa = PBXBuildFile; fileRef = CDC60AD829818772008E60ED /* VersionPicker.swift */; };
		CDD0FE212985A5EC00B634E2 /* PluginRow.swift in Sources */ = {isa = PBXBuildFile; fileRef = CDD0FE202985A5EC00B634E2 /* PluginRow.swift */; };
		CDE30545297DB4C300350CBB /* SwiftSetupApp.swift in Sources */ = {isa = PBXBuildFile; fileRef = CDE30544297DB4C300350CBB /* SwiftSetupApp.swift */; };
		CDE30547297DB4C300350CBB /* HomePage.swift in Sources */ = {isa = PBXBuildFile; fileRef = CDE30546297DB4C300350CBB /* HomePage.swift */; };
		CDE30549297DB4C400350CBB /* Assets.xcassets in Resources */ = {isa = PBXBuildFile; fileRef = CDE30548297DB4C400350CBB /* Assets.xcassets */; };
		CDE3054C297DB4C400350CBB /* Preview Assets.xcassets in Resources */ = {isa = PBXBuildFile; fileRef = CDE3054B297DB4C400350CBB /* Preview Assets.xcassets */; };
		CDE30558297E3F3D00350CBB /* RealmSwift in Frameworks */ = {isa = PBXBuildFile; productRef = CDE30557297E3F3D00350CBB /* RealmSwift */; };
		CDE3055B297E40A300350CBB /* PluginManifest.swift in Sources */ = {isa = PBXBuildFile; fileRef = CDE3055A297E40A300350CBB /* PluginManifest.swift */; };
		CDE3055E297E52FD00350CBB /* OpenLocalPluginMenu.swift in Sources */ = {isa = PBXBuildFile; fileRef = CDE3055D297E52FD00350CBB /* OpenLocalPluginMenu.swift */; };
		CDE30561297E532200350CBB /* PluginEngine in Frameworks */ = {isa = PBXBuildFile; productRef = CDE30560297E532200350CBB /* PluginEngine */; };
		CDE30563297E547900350CBB /* PluginList.swift in Sources */ = {isa = PBXBuildFile; fileRef = CDE30562297E547900350CBB /* PluginList.swift */; };
		CDE30566297E57FE00350CBB /* SwiftUIKit in Frameworks */ = {isa = PBXBuildFile; productRef = CDE30565297E57FE00350CBB /* SwiftUIKit */; };
/* End PBXBuildFile section */

/* Begin PBXFileReference section */
		CD7BA130297EB1B00010F2CD /* PluginStore.swift */ = {isa = PBXFileReference; lastKnownFileType = sourcecode.swift; path = PluginStore.swift; sourceTree = "<group>"; };
		CD7BA132297EB4F60010F2CD /* UIViewModel.swift */ = {isa = PBXFileReference; lastKnownFileType = sourcecode.swift; path = UIViewModel.swift; sourceTree = "<group>"; };
		CD7BA135297EB6D80010F2CD /* PopoverView.swift */ = {isa = PBXFileReference; lastKnownFileType = sourcecode.swift; path = PopoverView.swift; sourceTree = "<group>"; };
		CD7BA137297EB9CD0010F2CD /* PopoverProgressView.swift */ = {isa = PBXFileReference; lastKnownFileType = sourcecode.swift; path = PopoverProgressView.swift; sourceTree = "<group>"; };
		CD7BA13A297EDEDD0010F2CD /* DetailPage.swift */ = {isa = PBXFileReference; lastKnownFileType = sourcecode.swift; path = DetailPage.swift; sourceTree = "<group>"; };
		CD7BA13C297EDF860010F2CD /* PluginDetailView.swift */ = {isa = PBXFileReference; lastKnownFileType = sourcecode.swift; path = PluginDetailView.swift; sourceTree = "<group>"; };
		CD7BA141297EE7230010F2CD /* RemotePluginView.swift */ = {isa = PBXFileReference; lastKnownFileType = sourcecode.swift; path = RemotePluginView.swift; sourceTree = "<group>"; };
		CD7BA143297F9C450010F2CD /* SwiftSetupRelease.entitlements */ = {isa = PBXFileReference; lastKnownFileType = text.plist.entitlements; path = SwiftSetupRelease.entitlements; sourceTree = "<group>"; };
		CDBA157E297E5BD1007A782C /* PluginMenu.swift */ = {isa = PBXFileReference; lastKnownFileType = sourcecode.swift; path = PluginMenu.swift; sourceTree = "<group>"; };
		CDC60AD829818772008E60ED /* VersionPicker.swift */ = {isa = PBXFileReference; lastKnownFileType = sourcecode.swift; path = VersionPicker.swift; sourceTree = "<group>"; };
		CDD0FE202985A5EC00B634E2 /* PluginRow.swift */ = {isa = PBXFileReference; lastKnownFileType = sourcecode.swift; path = PluginRow.swift; sourceTree = "<group>"; };
		CDE30541297DB4C300350CBB /* SwiftSetup.app */ = {isa = PBXFileReference; explicitFileType = wrapper.application; includeInIndex = 0; path = SwiftSetup.app; sourceTree = BUILT_PRODUCTS_DIR; };
		CDE30544297DB4C300350CBB /* SwiftSetupApp.swift */ = {isa = PBXFileReference; lastKnownFileType = sourcecode.swift; path = SwiftSetupApp.swift; sourceTree = "<group>"; };
		CDE30546297DB4C300350CBB /* HomePage.swift */ = {isa = PBXFileReference; lastKnownFileType = sourcecode.swift; path = HomePage.swift; sourceTree = "<group>"; };
		CDE30548297DB4C400350CBB /* Assets.xcassets */ = {isa = PBXFileReference; lastKnownFileType = folder.assetcatalog; path = Assets.xcassets; sourceTree = "<group>"; };
		CDE3054B297DB4C400350CBB /* Preview Assets.xcassets */ = {isa = PBXFileReference; lastKnownFileType = folder.assetcatalog; path = "Preview Assets.xcassets"; sourceTree = "<group>"; };
		CDE3054D297DB4C400350CBB /* SwiftSetup.entitlements */ = {isa = PBXFileReference; lastKnownFileType = text.plist.entitlements; path = SwiftSetup.entitlements; sourceTree = "<group>"; };
		CDE3055A297E40A300350CBB /* PluginManifest.swift */ = {isa = PBXFileReference; lastKnownFileType = sourcecode.swift; path = PluginManifest.swift; sourceTree = "<group>"; };
		CDE3055D297E52FD00350CBB /* OpenLocalPluginMenu.swift */ = {isa = PBXFileReference; lastKnownFileType = sourcecode.swift; path = OpenLocalPluginMenu.swift; sourceTree = "<group>"; };
		CDE30562297E547900350CBB /* PluginList.swift */ = {isa = PBXFileReference; lastKnownFileType = sourcecode.swift; path = PluginList.swift; sourceTree = "<group>"; };
/* End PBXFileReference section */

/* Begin PBXFrameworksBuildPhase section */
		CDE3053E297DB4C300350CBB /* Frameworks */ = {
			isa = PBXFrameworksBuildPhase;
			buildActionMask = 2147483647;
			files = (
				CDE30558297E3F3D00350CBB /* RealmSwift in Frameworks */,
				CDE30566297E57FE00350CBB /* SwiftUIKit in Frameworks */,
				CDE30561297E532200350CBB /* PluginEngine in Frameworks */,
				CD7BA140297EE12E0010F2CD /* MarkdownUI in Frameworks */,
			);
			runOnlyForDeploymentPostprocessing = 0;
		};
/* End PBXFrameworksBuildPhase section */

/* Begin PBXGroup section */
		CD7BA12F297EB19D0010F2CD /* ViewModels */ = {
			isa = PBXGroup;
			children = (
				CD7BA130297EB1B00010F2CD /* PluginStore.swift */,
				CD7BA132297EB4F60010F2CD /* UIViewModel.swift */,
			);
			path = ViewModels;
			sourceTree = "<group>";
		};
		CD7BA134297EB6B60010F2CD /* Views */ = {
			isa = PBXGroup;
			children = (
				CD7BA135297EB6D80010F2CD /* PopoverView.swift */,
				CD7BA137297EB9CD0010F2CD /* PopoverProgressView.swift */,
				CD7BA141297EE7230010F2CD /* RemotePluginView.swift */,
				CDC60AD829818772008E60ED /* VersionPicker.swift */,
				CDD0FE202985A5EC00B634E2 /* PluginRow.swift */,
			);
			path = Views;
			sourceTree = "<group>";
		};
		CD7BA139297EDECD0010F2CD /* Detail */ = {
			isa = PBXGroup;
			children = (
				CD7BA13A297EDEDD0010F2CD /* DetailPage.swift */,
				CD7BA13C297EDF860010F2CD /* PluginDetailView.swift */,
			);
			path = Detail;
			sourceTree = "<group>";
		};
		CDE30538297DB4C300350CBB = {
			isa = PBXGroup;
			children = (
				CDE30543297DB4C300350CBB /* SwiftSetup */,
				CDE30542297DB4C300350CBB /* Products */,
				CDE3055F297E532200350CBB /* Frameworks */,
			);
			sourceTree = "<group>";
		};
		CDE30542297DB4C300350CBB /* Products */ = {
			isa = PBXGroup;
			children = (
				CDE30541297DB4C300350CBB /* SwiftSetup.app */,
			);
			name = Products;
			sourceTree = "<group>";
		};
		CDE30543297DB4C300350CBB /* SwiftSetup */ = {
			isa = PBXGroup;
			children = (
				CD7BA143297F9C450010F2CD /* SwiftSetupRelease.entitlements */,
				CD7BA134297EB6B60010F2CD /* Views */,
				CD7BA12F297EB19D0010F2CD /* ViewModels */,
				CDE3055C297E52ED00350CBB /* Menus */,
				CDE30559297E409000350CBB /* Models */,
				CDE30554297E3E6500350CBB /* Pages */,
				CDE30544297DB4C300350CBB /* SwiftSetupApp.swift */,
				CDE30548297DB4C400350CBB /* Assets.xcassets */,
				CDE3054D297DB4C400350CBB /* SwiftSetup.entitlements */,
				CDE3054A297DB4C400350CBB /* Preview Content */,
			);
			path = SwiftSetup;
			sourceTree = "<group>";
		};
		CDE3054A297DB4C400350CBB /* Preview Content */ = {
			isa = PBXGroup;
			children = (
				CDE3054B297DB4C400350CBB /* Preview Assets.xcassets */,
			);
			path = "Preview Content";
			sourceTree = "<group>";
		};
		CDE30554297E3E6500350CBB /* Pages */ = {
			isa = PBXGroup;
			children = (
				CD7BA139297EDECD0010F2CD /* Detail */,
				CDE30555297E3E7700350CBB /* Home */,
			);
			path = Pages;
			sourceTree = "<group>";
		};
		CDE30555297E3E7700350CBB /* Home */ = {
			isa = PBXGroup;
			children = (
				CDE30546297DB4C300350CBB /* HomePage.swift */,
				CDE30562297E547900350CBB /* PluginList.swift */,
			);
			path = Home;
			sourceTree = "<group>";
		};
		CDE30559297E409000350CBB /* Models */ = {
			isa = PBXGroup;
			children = (
				CDE3055A297E40A300350CBB /* PluginManifest.swift */,
			);
			path = Models;
			sourceTree = "<group>";
		};
		CDE3055C297E52ED00350CBB /* Menus */ = {
			isa = PBXGroup;
			children = (
				CDE3055D297E52FD00350CBB /* OpenLocalPluginMenu.swift */,
				CDBA157E297E5BD1007A782C /* PluginMenu.swift */,
			);
			path = Menus;
			sourceTree = "<group>";
		};
		CDE3055F297E532200350CBB /* Frameworks */ = {
			isa = PBXGroup;
			children = (
			);
			name = Frameworks;
			sourceTree = "<group>";
		};
/* End PBXGroup section */

/* Begin PBXNativeTarget section */
		CDE30540297DB4C300350CBB /* SwiftSetup */ = {
			isa = PBXNativeTarget;
			buildConfigurationList = CDE30550297DB4C400350CBB /* Build configuration list for PBXNativeTarget "SwiftSetup" */;
			buildPhases = (
				CDE3053D297DB4C300350CBB /* Sources */,
				CDE3053E297DB4C300350CBB /* Frameworks */,
				CDE3053F297DB4C300350CBB /* Resources */,
			);
			buildRules = (
			);
			dependencies = (
			);
			name = SwiftSetup;
			packageProductDependencies = (
				CDE30557297E3F3D00350CBB /* RealmSwift */,
				CDE30560297E532200350CBB /* PluginEngine */,
				CDE30565297E57FE00350CBB /* SwiftUIKit */,
				CD7BA13F297EE12E0010F2CD /* MarkdownUI */,
			);
			productName = SwiftSetup;
			productReference = CDE30541297DB4C300350CBB /* SwiftSetup.app */;
			productType = "com.apple.product-type.application";
		};
/* End PBXNativeTarget section */

/* Begin PBXProject section */
		CDE30539297DB4C300350CBB /* Project object */ = {
			isa = PBXProject;
			attributes = {
				BuildIndependentTargetsInParallel = 1;
				LastSwiftUpdateCheck = 1410;
				LastUpgradeCheck = 1410;
				TargetAttributes = {
					CDE30540297DB4C300350CBB = {
						CreatedOnToolsVersion = 14.1;
					};
				};
			};
			buildConfigurationList = CDE3053C297DB4C300350CBB /* Build configuration list for PBXProject "SwiftSetup" */;
			compatibilityVersion = "Xcode 14.0";
			developmentRegion = en;
			hasScannedForEncodings = 0;
			knownRegions = (
				en,
				Base,
			);
			mainGroup = CDE30538297DB4C300350CBB;
			packageReferences = (
				CDE30553297DB4D600350CBB /* XCRemoteSwiftPackageReference "PluginEngine" */,
				CDE30556297E3F3D00350CBB /* XCRemoteSwiftPackageReference "realm-swift" */,
				CDE30564297E57FE00350CBB /* XCRemoteSwiftPackageReference "SwiftUIKit" */,
				CD7BA13E297EE12D0010F2CD /* XCRemoteSwiftPackageReference "swift-markdown-ui" */,
			);
			productRefGroup = CDE30542297DB4C300350CBB /* Products */;
			projectDirPath = "";
			projectRoot = "";
			targets = (
				CDE30540297DB4C300350CBB /* SwiftSetup */,
			);
		};
/* End PBXProject section */

/* Begin PBXResourcesBuildPhase section */
		CDE3053F297DB4C300350CBB /* Resources */ = {
			isa = PBXResourcesBuildPhase;
			buildActionMask = 2147483647;
			files = (
				CDE3054C297DB4C400350CBB /* Preview Assets.xcassets in Resources */,
				CDE30549297DB4C400350CBB /* Assets.xcassets in Resources */,
			);
			runOnlyForDeploymentPostprocessing = 0;
		};
/* End PBXResourcesBuildPhase section */

/* Begin PBXSourcesBuildPhase section */
		CDE3053D297DB4C300350CBB /* Sources */ = {
			isa = PBXSourcesBuildPhase;
			buildActionMask = 2147483647;
			files = (
				CD7BA138297EB9CD0010F2CD /* PopoverProgressView.swift in Sources */,
				CD7BA142297EE7230010F2CD /* RemotePluginView.swift in Sources */,
				CDE3055B297E40A300350CBB /* PluginManifest.swift in Sources */,
				CDE30563297E547900350CBB /* PluginList.swift in Sources */,
				CDE3055E297E52FD00350CBB /* OpenLocalPluginMenu.swift in Sources */,
				CDE30547297DB4C300350CBB /* HomePage.swift in Sources */,
				CD7BA13B297EDEDD0010F2CD /* DetailPage.swift in Sources */,
				CD7BA13D297EDF860010F2CD /* PluginDetailView.swift in Sources */,
				CDE30545297DB4C300350CBB /* SwiftSetupApp.swift in Sources */,
				CDBA157F297E5BD1007A782C /* PluginMenu.swift in Sources */,
				CDC60AD929818772008E60ED /* VersionPicker.swift in Sources */,
				CDD0FE212985A5EC00B634E2 /* PluginRow.swift in Sources */,
				CD7BA136297EB6D80010F2CD /* PopoverView.swift in Sources */,
				CD7BA133297EB4F60010F2CD /* UIViewModel.swift in Sources */,
				CD7BA131297EB1B00010F2CD /* PluginStore.swift in Sources */,
			);
			runOnlyForDeploymentPostprocessing = 0;
		};
/* End PBXSourcesBuildPhase section */

/* Begin XCBuildConfiguration section */
		CDE3054E297DB4C400350CBB /* Debug */ = {
			isa = XCBuildConfiguration;
			buildSettings = {
				ALWAYS_SEARCH_USER_PATHS = NO;
				CLANG_ANALYZER_NONNULL = YES;
				CLANG_ANALYZER_NUMBER_OBJECT_CONVERSION = YES_AGGRESSIVE;
				CLANG_CXX_LANGUAGE_STANDARD = "gnu++20";
				CLANG_ENABLE_MODULES = YES;
				CLANG_ENABLE_OBJC_ARC = YES;
				CLANG_ENABLE_OBJC_WEAK = YES;
				CLANG_WARN_BLOCK_CAPTURE_AUTORELEASING = YES;
				CLANG_WARN_BOOL_CONVERSION = YES;
				CLANG_WARN_COMMA = YES;
				CLANG_WARN_CONSTANT_CONVERSION = YES;
				CLANG_WARN_DEPRECATED_OBJC_IMPLEMENTATIONS = YES;
				CLANG_WARN_DIRECT_OBJC_ISA_USAGE = YES_ERROR;
				CLANG_WARN_DOCUMENTATION_COMMENTS = YES;
				CLANG_WARN_EMPTY_BODY = YES;
				CLANG_WARN_ENUM_CONVERSION = YES;
				CLANG_WARN_INFINITE_RECURSION = YES;
				CLANG_WARN_INT_CONVERSION = YES;
				CLANG_WARN_NON_LITERAL_NULL_CONVERSION = YES;
				CLANG_WARN_OBJC_IMPLICIT_RETAIN_SELF = YES;
				CLANG_WARN_OBJC_LITERAL_CONVERSION = YES;
				CLANG_WARN_OBJC_ROOT_CLASS = YES_ERROR;
				CLANG_WARN_QUOTED_INCLUDE_IN_FRAMEWORK_HEADER = YES;
				CLANG_WARN_RANGE_LOOP_ANALYSIS = YES;
				CLANG_WARN_STRICT_PROTOTYPES = YES;
				CLANG_WARN_SUSPICIOUS_MOVE = YES;
				CLANG_WARN_UNGUARDED_AVAILABILITY = YES_AGGRESSIVE;
				CLANG_WARN_UNREACHABLE_CODE = YES;
				CLANG_WARN__DUPLICATE_METHOD_MATCH = YES;
				COPY_PHASE_STRIP = NO;
				DEBUG_INFORMATION_FORMAT = dwarf;
				ENABLE_STRICT_OBJC_MSGSEND = YES;
				ENABLE_TESTABILITY = YES;
				GCC_C_LANGUAGE_STANDARD = gnu11;
				GCC_DYNAMIC_NO_PIC = NO;
				GCC_NO_COMMON_BLOCKS = YES;
				GCC_OPTIMIZATION_LEVEL = 0;
				GCC_PREPROCESSOR_DEFINITIONS = (
					"DEBUG=1",
					"$(inherited)",
				);
				GCC_WARN_64_TO_32_BIT_CONVERSION = YES;
				GCC_WARN_ABOUT_RETURN_TYPE = YES_ERROR;
				GCC_WARN_UNDECLARED_SELECTOR = YES;
				GCC_WARN_UNINITIALIZED_AUTOS = YES_AGGRESSIVE;
				GCC_WARN_UNUSED_FUNCTION = YES;
				GCC_WARN_UNUSED_VARIABLE = YES;
				MACOSX_DEPLOYMENT_TARGET = 13.0;
				MTL_ENABLE_DEBUG_INFO = INCLUDE_SOURCE;
				MTL_FAST_MATH = YES;
				ONLY_ACTIVE_ARCH = YES;
				SDKROOT = macosx;
				SWIFT_ACTIVE_COMPILATION_CONDITIONS = DEBUG;
				SWIFT_OPTIMIZATION_LEVEL = "-Onone";
			};
			name = Debug;
		};
		CDE3054F297DB4C400350CBB /* Release */ = {
			isa = XCBuildConfiguration;
			buildSettings = {
				ALWAYS_SEARCH_USER_PATHS = NO;
				CLANG_ANALYZER_NONNULL = YES;
				CLANG_ANALYZER_NUMBER_OBJECT_CONVERSION = YES_AGGRESSIVE;
				CLANG_CXX_LANGUAGE_STANDARD = "gnu++20";
				CLANG_ENABLE_MODULES = YES;
				CLANG_ENABLE_OBJC_ARC = YES;
				CLANG_ENABLE_OBJC_WEAK = YES;
				CLANG_WARN_BLOCK_CAPTURE_AUTORELEASING = YES;
				CLANG_WARN_BOOL_CONVERSION = YES;
				CLANG_WARN_COMMA = YES;
				CLANG_WARN_CONSTANT_CONVERSION = YES;
				CLANG_WARN_DEPRECATED_OBJC_IMPLEMENTATIONS = YES;
				CLANG_WARN_DIRECT_OBJC_ISA_USAGE = YES_ERROR;
				CLANG_WARN_DOCUMENTATION_COMMENTS = YES;
				CLANG_WARN_EMPTY_BODY = YES;
				CLANG_WARN_ENUM_CONVERSION = YES;
				CLANG_WARN_INFINITE_RECURSION = YES;
				CLANG_WARN_INT_CONVERSION = YES;
				CLANG_WARN_NON_LITERAL_NULL_CONVERSION = YES;
				CLANG_WARN_OBJC_IMPLICIT_RETAIN_SELF = YES;
				CLANG_WARN_OBJC_LITERAL_CONVERSION = YES;
				CLANG_WARN_OBJC_ROOT_CLASS = YES_ERROR;
				CLANG_WARN_QUOTED_INCLUDE_IN_FRAMEWORK_HEADER = YES;
				CLANG_WARN_RANGE_LOOP_ANALYSIS = YES;
				CLANG_WARN_STRICT_PROTOTYPES = YES;
				CLANG_WARN_SUSPICIOUS_MOVE = YES;
				CLANG_WARN_UNGUARDED_AVAILABILITY = YES_AGGRESSIVE;
				CLANG_WARN_UNREACHABLE_CODE = YES;
				CLANG_WARN__DUPLICATE_METHOD_MATCH = YES;
				COPY_PHASE_STRIP = NO;
				DEBUG_INFORMATION_FORMAT = "dwarf-with-dsym";
				ENABLE_NS_ASSERTIONS = NO;
				ENABLE_STRICT_OBJC_MSGSEND = YES;
				GCC_C_LANGUAGE_STANDARD = gnu11;
				GCC_NO_COMMON_BLOCKS = YES;
				GCC_WARN_64_TO_32_BIT_CONVERSION = YES;
				GCC_WARN_ABOUT_RETURN_TYPE = YES_ERROR;
				GCC_WARN_UNDECLARED_SELECTOR = YES;
				GCC_WARN_UNINITIALIZED_AUTOS = YES_AGGRESSIVE;
				GCC_WARN_UNUSED_FUNCTION = YES;
				GCC_WARN_UNUSED_VARIABLE = YES;
				MACOSX_DEPLOYMENT_TARGET = 13.0;
				MTL_ENABLE_DEBUG_INFO = NO;
				MTL_FAST_MATH = YES;
				SDKROOT = macosx;
				SWIFT_COMPILATION_MODE = wholemodule;
				SWIFT_OPTIMIZATION_LEVEL = "-O";
			};
			name = Release;
		};
		CDE30551297DB4C400350CBB /* Debug */ = {
			isa = XCBuildConfiguration;
			buildSettings = {
				ASSETCATALOG_COMPILER_APPICON_NAME = AppIcon;
				ASSETCATALOG_COMPILER_GLOBAL_ACCENT_COLOR_NAME = AccentColor;
				CODE_SIGN_ENTITLEMENTS = SwiftSetup/SwiftSetup.entitlements;
				CODE_SIGN_STYLE = Automatic;
				COMBINE_HIDPI_IMAGES = YES;
				CURRENT_PROJECT_VERSION = 9;
				DEVELOPMENT_ASSET_PATHS = "\"SwiftSetup/Preview Content\"";
				DEVELOPMENT_TEAM = P9KK452K8P;
				ENABLE_HARDENED_RUNTIME = YES;
				ENABLE_PREVIEWS = YES;
				GENERATE_INFOPLIST_FILE = YES;
				INFOPLIST_KEY_LSApplicationCategoryType = "public.app-category.developer-tools";
				INFOPLIST_KEY_NSHumanReadableCopyright = "";
				LD_RUNPATH_SEARCH_PATHS = (
					"$(inherited)",
					"@executable_path/../Frameworks",
				);
				MARKETING_VERSION = 1.0;
				PRODUCT_BUNDLE_IDENTIFIER = com.sirily11.SwiftSetup;
				PRODUCT_NAME = "$(TARGET_NAME)";
				SWIFT_EMIT_LOC_STRINGS = YES;
				SWIFT_VERSION = 5.0;
			};
			name = Debug;
		};
		CDE30552297DB4C400350CBB /* Release */ = {
			isa = XCBuildConfiguration;
			buildSettings = {
				ASSETCATALOG_COMPILER_APPICON_NAME = AppIcon;
				ASSETCATALOG_COMPILER_GLOBAL_ACCENT_COLOR_NAME = AccentColor;
				CODE_SIGN_ENTITLEMENTS = SwiftSetup/SwiftSetupRelease.entitlements;
				CODE_SIGN_IDENTITY = "Apple Development";
				"CODE_SIGN_IDENTITY[sdk=macosx*]" = "-";
				CODE_SIGN_STYLE = Automatic;
				COMBINE_HIDPI_IMAGES = YES;
				CURRENT_PROJECT_VERSION = 9;
				DEVELOPMENT_ASSET_PATHS = "\"SwiftSetup/Preview Content\"";
				DEVELOPMENT_TEAM = P9KK452K8P;
				ENABLE_HARDENED_RUNTIME = YES;
				ENABLE_PREVIEWS = YES;
				GENERATE_INFOPLIST_FILE = YES;
				INFOPLIST_KEY_LSApplicationCategoryType = "public.app-category.developer-tools";
				INFOPLIST_KEY_NSHumanReadableCopyright = "";
				LD_RUNPATH_SEARCH_PATHS = (
					"$(inherited)",
					"@executable_path/../Frameworks",
				);
				MARKETING_VERSION = 1.0;
				PRODUCT_BUNDLE_IDENTIFIER = com.sirily11.SwiftSetup;
				PRODUCT_NAME = "$(TARGET_NAME)";
				PROVISIONING_PROFILE_SPECIFIER = "";
				SWIFT_EMIT_LOC_STRINGS = YES;
				SWIFT_VERSION = 5.0;
			};
			name = Release;
		};
/* End XCBuildConfiguration section */

/* Begin XCConfigurationList section */
		CDE3053C297DB4C300350CBB /* Build configuration list for PBXProject "SwiftSetup" */ = {
			isa = XCConfigurationList;
			buildConfigurations = (
				CDE3054E297DB4C400350CBB /* Debug */,
				CDE3054F297DB4C400350CBB /* Release */,
			);
			defaultConfigurationIsVisible = 0;
			defaultConfigurationName = Release;
		};
		CDE30550297DB4C400350CBB /* Build configuration list for PBXNativeTarget "SwiftSetup" */ = {
			isa = XCConfigurationList;
			buildConfigurations = (
				CDE30551297DB4C400350CBB /* Debug */,
				CDE30552297DB4C400350CBB /* Release */,
			);
			defaultConfigurationIsVisible = 0;
			defaultConfigurationName = Release;
		};
/* End XCConfigurationList section */

/* Begin XCRemoteSwiftPackageReference section */
		CD7BA13E297EE12D0010F2CD /* XCRemoteSwiftPackageReference "swift-markdown-ui" */ = {
			isa = XCRemoteSwiftPackageReference;
			repositoryURL = "https://github.com/gonzalezreal/swift-markdown-ui";
			requirement = {
				kind = upToNextMajorVersion;
				minimumVersion = 2.0.0;
			};
		};
		CDE30553297DB4D600350CBB /* XCRemoteSwiftPackageReference "PluginEngine" */ = {
			isa = XCRemoteSwiftPackageReference;
			repositoryURL = "https://github.com/swift-setup/PluginEngine";
			requirement = {
				kind = upToNextMajorVersion;
				minimumVersion = 1.0.0;
			};
		};
		CDE30556297E3F3D00350CBB /* XCRemoteSwiftPackageReference "realm-swift" */ = {
			isa = XCRemoteSwiftPackageReference;
			repositoryURL = "https://github.com/realm/realm-swift.git";
			requirement = {
				branch = master;
				kind = branch;
			};
		};
		CDE30564297E57FE00350CBB /* XCRemoteSwiftPackageReference "SwiftUIKit" */ = {
			isa = XCRemoteSwiftPackageReference;
			repositoryURL = "https://github.com/danielsaidi/SwiftUIKit";
			requirement = {
				branch = master;
				kind = branch;
			};
		};
/* End XCRemoteSwiftPackageReference section */

/* Begin XCSwiftPackageProductDependency section */
		CD7BA13F297EE12E0010F2CD /* MarkdownUI */ = {
			isa = XCSwiftPackageProductDependency;
			package = CD7BA13E297EE12D0010F2CD /* XCRemoteSwiftPackageReference "swift-markdown-ui" */;
			productName = MarkdownUI;
		};
		CDE30557297E3F3D00350CBB /* RealmSwift */ = {
			isa = XCSwiftPackageProductDependency;
			package = CDE30556297E3F3D00350CBB /* XCRemoteSwiftPackageReference "realm-swift" */;
			productName = RealmSwift;
		};
		CDE30560297E532200350CBB /* PluginEngine */ = {
			isa = XCSwiftPackageProductDependency;
			package = CDE30553297DB4D600350CBB /* XCRemoteSwiftPackageReference "PluginEngine" */;
			productName = PluginEngine;
		};
		CDE30565297E57FE00350CBB /* SwiftUIKit */ = {
			isa = XCSwiftPackageProductDependency;
			package = CDE30564297E57FE00350CBB /* XCRemoteSwiftPackageReference "SwiftUIKit" */;
			productName = SwiftUIKit;
		};
/* End XCSwiftPackageProductDependency section */
	};
	rootObject = CDE30539297DB4C300350CBB /* Project object */;
}
